
Microsoft Visual Studio Solution File, Format Version 12.00
# Visual Studio Version 17
VisualStudioVersion = 17.3.32929.385
MinimumVisualStudioVersion = 10.0.40219.1
Project("{9A19103F-16F7-4668-BE54-9A1E7A4F7556}") = "ServerServiceCenter", "ServerServiceCenter\ServerServiceCenter.csproj", "{531B838B-DAF5-499A-A963-A9CA6703135C}"
EndProject
Global
	GlobalSection(SolutionConfigurationPlatforms) = preSolution
		Debug|Any CPU = Debug|Any CPU
		Release|Any CPU = Release|Any CPU
	EndGlobalSection
	GlobalSection(ProjectConfigurationPlatforms) = postSolution
		{531B838B-DAF5-499A-A963-A9CA6703135C}.Debug|Any CPU.ActiveCfg = Debug|Any CPU
		{531B838B-DAF5-499A-A963-A9CA6703135C}.Debug|Any CPU.Build.0 = Debug|Any CPU
		{531B838B-DAF5-499A-A963-A9CA6703135C}.Release|Any CPU.ActiveCfg = Release|Any CPU
		{531B838B-DAF5-499A-A963-A9CA6703135C}.Release|Any CPU.Build.0 = Release|Any CPU
	EndGlobalSection
	GlobalSection(SolutionProperties) = preSolution
		HideSolutionNode = FALSE
	EndGlobalSection
	GlobalSection(ExtensibilityGlobals) = postSolution
		SolutionGuid = {772009C6-1707-439C-A7E3-B192081F8909}
	EndGlobalSection
EndGlobal
