
Microsoft Visual Studio Solution File, Format Version 12.00
# Visual Studio Version 17
VisualStudioVersion = 17.3.32929.385
MinimumVisualStudioVersion = 10.0.40219.1
Project("{FAE04EC0-301F-11D3-BF4B-00C04F79EFBC}") = "ServerServiceCenter", "ServerServiceCenter\ServerServiceCenter.csproj", "{531B838B-DAF5-499A-A963-A9CA6703135C}"
EndProject
Project("{FAE04EC0-301F-11D3-BF4B-00C04F79EFBC}") = "DBManager", "DBManager\DBManager.csproj", "{E4FD4682-7B6A-4048-A26C-3544D0D5039B}"
EndProject
Project("{FAE04EC0-301F-11D3-BF4B-00C04F79EFBC}") = "Models", "Models\Models.csproj", "{DFB7AB02-EC93-4913-ACBB-CADD04FCC3C9}"
EndProject
Global
	GlobalSection(SolutionConfigurationPlatforms) = preSolution
		Debug|Any CPU = Debug|Any CPU
		Release|Any CPU = Release|Any CPU
	EndGlobalSection
	GlobalSection(ProjectConfigurationPlatforms) = postSolution
		{531B838B-DAF5-499A-A963-A9CA6703135C}.Debug|Any CPU.ActiveCfg = Debug|Any CPU
		{531B838B-DAF5-499A-A963-A9CA6703135C}.Debug|Any CPU.Build.0 = Debug|Any CPU
		{531B838B-DAF5-499A-A963-A9CA6703135C}.Release|Any CPU.ActiveCfg = Release|Any CPU
		{531B838B-DAF5-499A-A963-A9CA6703135C}.Release|Any CPU.Build.0 = Release|Any CPU
		{E4FD4682-7B6A-4048-A26C-3544D0D5039B}.Debug|Any CPU.ActiveCfg = Debug|Any CPU
		{E4FD4682-7B6A-4048-A26C-3544D0D5039B}.Debug|Any CPU.Build.0 = Debug|Any CPU
		{E4FD4682-7B6A-4048-A26C-3544D0D5039B}.Release|Any CPU.ActiveCfg = Release|Any CPU
		{E4FD4682-7B6A-4048-A26C-3544D0D5039B}.Release|Any CPU.Build.0 = Release|Any CPU
		{DFB7AB02-EC93-4913-ACBB-CADD04FCC3C9}.Debug|Any CPU.ActiveCfg = Debug|Any CPU
		{DFB7AB02-EC93-4913-ACBB-CADD04FCC3C9}.Debug|Any CPU.Build.0 = Debug|Any CPU
		{DFB7AB02-EC93-4913-ACBB-CADD04FCC3C9}.Release|Any CPU.ActiveCfg = Release|Any CPU
		{DFB7AB02-EC93-4913-ACBB-CADD04FCC3C9}.Release|Any CPU.Build.0 = Release|Any CPU
	EndGlobalSection
	GlobalSection(SolutionProperties) = preSolution
		HideSolutionNode = FALSE
	EndGlobalSection
	GlobalSection(ExtensibilityGlobals) = postSolution
		SolutionGuid = {772009C6-1707-439C-A7E3-B192081F8909}
	EndGlobalSection
EndGlobal
